filippo.io/edwards25519 v1.1.0 h1:FNf4A+zCnQnkDMp4RBmJNMR3LM4VRPRdT+cWQJg5GnE=
filippo.io/edwards25519 v1.1.0/go.mod h1:BxyFTGdWcka3PhytdK4V28tE5sGfRvvvRV7EaN4VDT4=
github.com/bsm/ginkgo/v2 v2.12.0 h1:Ey+bK2MGRUk+BQRSM0OCLNWLHAB1HyBPBWPjXnSAS8=
github.com/bsm/ginkgo/v2 v2.12.0/go.mod h1:SwYbGRRDovPVboqFv0tPTcG1sN61LM1Z4ARdbAV9g4c=
github.com/bsm/gomega v1.27.10 h1:yeMWxP2pV2fG3FgAODIY8EiRE3dy0aeFYt4l7wh6yKA=
github.com/bsm/gomega v1.27.10/go.mod h1:JyEr/xRbxbtgWNi8tIEVPUYZ5Dzef52k01W3YH0H+O0=
github.com/cespare/xxhash/v2 v2.2.0 h1:DC2CZ1Ep5Y4k3ZQ899DldepgrayRUGE6BBZ/cd9Cj44=
github.com/cespare/xxhash/v2 v2.2.0/go.mod h1:VGX0DQ3Q6kWi7AoAeZDth3/j3BFtOZR5XLFGgcrjCOs=
github.com/dgryski/go-rendezvous v0.0.0-20200823014737-9f7001d12a5f h1:lO4WD4F/rVNCu3HqELle0jiPLLBs70cWOduZpkS1E78=
github.com/dgryski/go-rendezvous v0.0.0-20200823014737-9f7001d12a5f/go.mod h1:cuUVRXasLTGF7a8hSLbUDez0RRREf7YNJoIRRkEL/RM=
github.com/go-sql-driver/mysql v1.8.1 h1:LedoTUt/eAbIkAH0z+czuR1cQ09QFzKXHIycRhBRiME=
github.com/go-sql-driver/mysql v1.8.1/go.mod h1:wEBSXgmK//2ZFJyE+qWnIsVGmvmEKlqwuVSjsCm7DZg=
github.com/redis/go-redis/v9 v9.7.0 h1:HhLSs+B6O021kC5IEeECPN7G+rkeTc0RZbOeNFMFJMY=
github.com/redis/go-redis/v9 v9.7.0/go.mod h1:f6zhXITC7JUqh7BRIIQG3iMFiRWMwEsAfbmKEiDMzUw=
